// !$*UTF8*$!
{
	archiveVersion = 1;
	classes = {
	};
	objectVersion = 50;
	objects = {

/* Begin PBXBuildFile section */
		F681C7872763EA680067898F /* AppDelegate.swift in Sources */ = {isa = PBXBuildFile; fileRef = F681C7862763EA680067898F /* AppDelegate.swift */; };
		F681C7892763EA680067898F /* SceneDelegate.swift in Sources */ = {isa = PBXBuildFile; fileRef = F681C7882763EA680067898F /* SceneDelegate.swift */; };
		F681C78B2763EA680067898F /* ContentView.swift in Sources */ = {isa = PBXBuildFile; fileRef = F681C78A2763EA680067898F /* ContentView.swift */; };
		F681C78D2763EA690067898F /* Assets.xcassets in Resources */ = {isa = PBXBuildFile; fileRef = F681C78C2763EA690067898F /* Assets.xcassets */; };
		F681C7902763EA690067898F /* Preview Assets.xcassets in Resources */ = {isa = PBXBuildFile; fileRef = F681C78F2763EA690067898F /* Preview Assets.xcassets */; };
		F681C7932763EA690067898F /* LaunchScreen.storyboard in Resources */ = {isa = PBXBuildFile; fileRef = F681C7912763EA690067898F /* LaunchScreen.storyboard */; };
		F681C79D2763EBB30067898F /* Pacifico-Regular.ttf in Resources */ = {isa = PBXBuildFile; fileRef = F681C79C2763EBB30067898F /* Pacifico-Regular.ttf */; };
		F6B77F432765404000CCB982 /* InfoView.swift in Sources */ = {isa = PBXBuildFile; fileRef = F6B77F422765404000CCB982 /* InfoView.swift */; };
		F6B77F462765439900CCB982 /* Montserrat-Regular.ttf in Resources */ = {isa = PBXBuildFile; fileRef = F6B77F452765439900CCB982 /* Montserrat-Regular.ttf */; };
/* End PBXBuildFile section */

/* Begin PBXFileReference section */
		F681C7832763EA680067898F /* DaniellyCard.app */ = {isa = PBXFileReference; explicitFileType = wrapper.application; includeInIndex = 0; path = DaniellyCard.app; sourceTree = BUILT_PRODUCTS_DIR; };
		F681C7862763EA680067898F /* AppDelegate.swift */ = {isa = PBXFileReference; lastKnownFileType = sourcecode.swift; path = AppDelegate.swift; sourceTree = "<group>"; };
		F681C7882763EA680067898F /* SceneDelegate.swift */ = {isa = PBXFileReference; lastKnownFileType = sourcecode.swift; path = SceneDelegate.swift; sourceTree = "<group>"; };
		F681C78A2763EA680067898F /* ContentView.swift */ = {isa = PBXFileReference; lastKnownFileType = sourcecode.swift; path = ContentView.swift; sourceTree = "<group>"; };
		F681C78C2763EA690067898F /* Assets.xcassets */ = {isa = PBXFileReference; lastKnownFileType = folder.assetcatalog; path = Assets.xcassets; sourceTree = "<group>"; };
		F681C78F2763EA690067898F /* Preview Assets.xcassets */ = {isa = PBXFileReference; lastKnownFileType = folder.assetcatalog; path = "Preview Assets.xcassets"; sourceTree = "<group>"; };
		F681C7922763EA690067898F /* Base */ = {isa = PBXFileReference; lastKnownFileType = file.storyboard; name = Base; path = Base.lproj/LaunchScreen.storyboard; sourceTree = "<group>"; };
		F681C7942763EA690067898F /* Info.plist */ = {isa = PBXFileReference; lastKnownFileType = text.plist.xml; path = Info.plist; sourceTree = "<group>"; };
		F681C79C2763EBB30067898F /* Pacifico-Regular.ttf */ = {isa = PBXFileReference; lastKnownFileType = file; path = "Pacifico-Regular.ttf"; sourceTree = "<group>"; };
		F6B77F422765404000CCB982 /* InfoView.swift */ = {isa = PBXFileReference; lastKnownFileType = sourcecode.swift; path = InfoView.swift; sourceTree = "<group>"; };
		F6B77F452765439900CCB982 /* Montserrat-Regular.ttf */ = {isa = PBXFileReference; lastKnownFileType = file; path = "Montserrat-Regular.ttf"; sourceTree = "<group>"; };
/* End PBXFileReference section */

/* Begin PBXFrameworksBuildPhase section */
		F681C7802763EA680067898F /* Frameworks */ = {
			isa = PBXFrameworksBuildPhase;
			buildActionMask = 2147483647;
			files = (
			);
			runOnlyForDeploymentPostprocessing = 0;
		};
/* End PBXFrameworksBuildPhase section */

/* Begin PBXGroup section */
		F681C77A2763EA680067898F = {
			isa = PBXGroup;
			children = (
				F681C7852763EA680067898F /* DaniellyCard */,
				F681C7842763EA680067898F /* Products */,
			);
			sourceTree = "<group>";
		};
		F681C7842763EA680067898F /* Products */ = {
			isa = PBXGroup;
			children = (
				F681C7832763EA680067898F /* DaniellyCard.app */,
			);
			name = Products;
			sourceTree = "<group>";
		};
		F681C7852763EA680067898F /* DaniellyCard */ = {
			isa = PBXGroup;
			children = (
				F681C79B2763EBA40067898F /* Fonts */,
				F681C7862763EA680067898F /* AppDelegate.swift */,
				F681C7882763EA680067898F /* SceneDelegate.swift */,
				F681C78A2763EA680067898F /* ContentView.swift */,
				F6B77F422765404000CCB982 /* InfoView.swift */,
				F681C78C2763EA690067898F /* Assets.xcassets */,
				F681C7912763EA690067898F /* LaunchScreen.storyboard */,
				F681C7942763EA690067898F /* Info.plist */,
				F681C78E2763EA690067898F /* Preview Content */,
			);
			path = DaniellyCard;
			sourceTree = "<group>";
		};
		F681C78E2763EA690067898F /* Preview Content */ = {
			isa = PBXGroup;
			children = (
				F681C78F2763EA690067898F /* Preview Assets.xcassets */,
			);
			path = "Preview Content";
			sourceTree = "<group>";
		};
		F681C79B2763EBA40067898F /* Fonts */ = {
			isa = PBXGroup;
			children = (
				F6B77F452765439900CCB982 /* Montserrat-Regular.ttf */,
				F681C79C2763EBB30067898F /* Pacifico-Regular.ttf */,
			);
			path = Fonts;
			sourceTree = "<group>";
		};
/* End PBXGroup section */

/* Begin PBXNativeTarget section */
		F681C7822763EA680067898F /* DaniellyCard */ = {
			isa = PBXNativeTarget;
			buildConfigurationList = F681C7972763EA690067898F /* Build configuration list for PBXNativeTarget "DaniellyCard" */;
			buildPhases = (
				F681C77F2763EA680067898F /* Sources */,
				F681C7802763EA680067898F /* Frameworks */,
				F681C7812763EA680067898F /* Resources */,
			);
			buildRules = (
			);
			dependencies = (
			);
			name = DaniellyCard;
			productName = DaniellyCard;
			productReference = F681C7832763EA680067898F /* DaniellyCard.app */;
			productType = "com.apple.product-type.application";
		};
/* End PBXNativeTarget section */

/* Begin PBXProject section */
		F681C77B2763EA680067898F /* Project object */ = {
			isa = PBXProject;
			attributes = {
				LastSwiftUpdateCheck = 1200;
				LastUpgradeCheck = 1200;
				TargetAttributes = {
					F681C7822763EA680067898F = {
						CreatedOnToolsVersion = 12.0.1;
					};
				};
			};
			buildConfigurationList = F681C77E2763EA680067898F /* Build configuration list for PBXProject "DaniellyCard" */;
			compatibilityVersion = "Xcode 9.3";
			developmentRegion = en;
			hasScannedForEncodings = 0;
			knownRegions = (
				en,
				Base,
			);
			mainGroup = F681C77A2763EA680067898F;
			productRefGroup = F681C7842763EA680067898F /* Products */;
			projectDirPath = "";
			projectRoot = "";
			targets = (
				F681C7822763EA680067898F /* DaniellyCard */,
			);
		};
/* End PBXProject section */

/* Begin PBXResourcesBuildPhase section */
		F681C7812763EA680067898F /* Resources */ = {
			isa = PBXResourcesBuildPhase;
			buildActionMask = 2147483647;
			files = (
				F681C7932763EA690067898F /* LaunchScreen.storyboard in Resources */,
				F681C79D2763EBB30067898F /* Pacifico-Regular.ttf in Resources */,
				F681C7902763EA690067898F /* Preview Assets.xcassets in Resources */,
				F6B77F462765439900CCB982 /* Montserrat-Regular.ttf in Resources */,
				F681C78D2763EA690067898F /* Assets.xcassets in Resources */,
			);
			runOnlyForDeploymentPostprocessing = 0;
		};
/* End PBXResourcesBuildPhase section */

/* Begin PBXSourcesBuildPhase section */
		F681C77F2763EA680067898F /* Sources */ = {
			isa = PBXSourcesBuildPhase;
			buildActionMask = 2147483647;
			files = (
				F6B77F432765404000CCB982 /* InfoView.swift in Sources */,
				F681C7872763EA680067898F /* AppDelegate.swift in Sources */,
				F681C7892763EA680067898F /* SceneDelegate.swift in Sources */,
				F681C78B2763EA680067898F /* ContentView.swift in Sources */,
			);
			runOnlyForDeploymentPostprocessing = 0;
		};
/* End PBXSourcesBuildPhase section */

/* Begin PBXVariantGroup section */
		F681C7912763EA690067898F /* LaunchScreen.storyboard */ = {
			isa = PBXVariantGroup;
			children = (
				F681C7922763EA690067898F /* Base */,
			);
			name = LaunchScreen.storyboard;
			sourceTree = "<group>";
		};
/* End PBXVariantGroup section */

/* Begin XCBuildConfiguration section */
		F681C7952763EA690067898F /* Debug */ = {
			isa = XCBuildConfiguration;
			buildSettings = {
				ALWAYS_SEARCH_USER_PATHS = NO;
				CLANG_ANALYZER_NONNULL = YES;
				CLANG_ANALYZER_NUMBER_OBJECT_CONVERSION = YES_AGGRESSIVE;
				CLANG_CXX_LANGUAGE_STANDARD = "gnu++14";
				CLANG_CXX_LIBRARY = "libc++";
				CLANG_ENABLE_MODULES = YES;
				CLANG_ENABLE_OBJC_ARC = YES;
				CLANG_ENABLE_OBJC_WEAK = YES;
				CLANG_WARN_BLOCK_CAPTURE_AUTORELEASING = YES;
				CLANG_WARN_BOOL_CONVERSION = YES;
				CLANG_WARN_COMMA = YES;
				CLANG_WARN_CONSTANT_CONVERSION = YES;
				CLANG_WARN_DEPRECATED_OBJC_IMPLEMENTATIONS = YES;
				CLANG_WARN_DIRECT_OBJC_ISA_USAGE = YES_ERROR;
				CLANG_WARN_DOCUMENTATION_COMMENTS = YES;
				CLANG_WARN_EMPTY_BODY = YES;
				CLANG_WARN_ENUM_CONVERSION = YES;
				CLANG_WARN_INFINITE_RECURSION = YES;
				CLANG_WARN_INT_CONVERSION = YES;
				CLANG_WARN_NON_LITERAL_NULL_CONVERSION = YES;
				CLANG_WARN_OBJC_IMPLICIT_RETAIN_SELF = YES;
				CLANG_WARN_OBJC_LITERAL_CONVERSION = YES;
				CLANG_WARN_OBJC_ROOT_CLASS = YES_ERROR;
				CLANG_WARN_QUOTED_INCLUDE_IN_FRAMEWORK_HEADER = YES;
				CLANG_WARN_RANGE_LOOP_ANALYSIS = YES;
				CLANG_WARN_STRICT_PROTOTYPES = YES;
				CLANG_WARN_SUSPICIOUS_MOVE = YES;
				CLANG_WARN_UNGUARDED_AVAILABILITY = YES_AGGRESSIVE;
				CLANG_WARN_UNREACHABLE_CODE = YES;
				CLANG_WARN__DUPLICATE_METHOD_MATCH = YES;
				COPY_PHASE_STRIP = NO;
				DEBUG_INFORMATION_FORMAT = dwarf;
				ENABLE_STRICT_OBJC_MSGSEND = YES;
				ENABLE_TESTABILITY = YES;
				GCC_C_LANGUAGE_STANDARD = gnu11;
				GCC_DYNAMIC_NO_PIC = NO;
				GCC_NO_COMMON_BLOCKS = YES;
				GCC_OPTIMIZATION_LEVEL = 0;
				GCC_PREPROCESSOR_DEFINITIONS = (
					"DEBUG=1",
					"$(inherited)",
				);
				GCC_WARN_64_TO_32_BIT_CONVERSION = YES;
				GCC_WARN_ABOUT_RETURN_TYPE = YES_ERROR;
				GCC_WARN_UNDECLARED_SELECTOR = YES;
				GCC_WARN_UNINITIALIZED_AUTOS = YES_AGGRESSIVE;
				GCC_WARN_UNUSED_FUNCTION = YES;
				GCC_WARN_UNUSED_VARIABLE = YES;
				IPHONEOS_DEPLOYMENT_TARGET = 14.0;
				MTL_ENABLE_DEBUG_INFO = INCLUDE_SOURCE;
				MTL_FAST_MATH = YES;
				ONLY_ACTIVE_ARCH = YES;
				SDKROOT = iphoneos;
				SWIFT_ACTIVE_COMPILATION_CONDITIONS = DEBUG;
				SWIFT_OPTIMIZATION_LEVEL = "-Onone";
			};
			name = Debug;
		};
		F681C7962763EA690067898F /* Release */ = {
			isa = XCBuildConfiguration;
			buildSettings = {
				ALWAYS_SEARCH_USER_PATHS = NO;
				CLANG_ANALYZER_NONNULL = YES;
				CLANG_ANALYZER_NUMBER_OBJECT_CONVERSION = YES_AGGRESSIVE;
				CLANG_CXX_LANGUAGE_STANDARD = "gnu++14";
				CLANG_CXX_LIBRARY = "libc++";
				CLANG_ENABLE_MODULES = YES;
				CLANG_ENABLE_OBJC_ARC = YES;
				CLANG_ENABLE_OBJC_WEAK = YES;
				CLANG_WARN_BLOCK_CAPTURE_AUTORELEASING = YES;
				CLANG_WARN_BOOL_CONVERSION = YES;
				CLANG_WARN_COMMA = YES;
				CLANG_WARN_CONSTANT_CONVERSION = YES;
				CLANG_WARN_DEPRECATED_OBJC_IMPLEMENTATIONS = YES;
				CLANG_WARN_DIRECT_OBJC_ISA_USAGE = YES_ERROR;
				CLANG_WARN_DOCUMENTATION_COMMENTS = YES;
				CLANG_WARN_EMPTY_BODY = YES;
				CLANG_WARN_ENUM_CONVERSION = YES;
				CLANG_WARN_INFINITE_RECURSION = YES;
				CLANG_WARN_INT_CONVERSION = YES;
				CLANG_WARN_NON_LITERAL_NULL_CONVERSION = YES;
				CLANG_WARN_OBJC_IMPLICIT_RETAIN_SELF = YES;
				CLANG_WARN_OBJC_LITERAL_CONVERSION = YES;
				CLANG_WARN_OBJC_ROOT_CLASS = YES_ERROR;
				CLANG_WARN_QUOTED_INCLUDE_IN_FRAMEWORK_HEADER = YES;
				CLANG_WARN_RANGE_LOOP_ANALYSIS = YES;
				CLANG_WARN_STRICT_PROTOTYPES = YES;
				CLANG_WARN_SUSPICIOUS_MOVE = YES;
				CLANG_WARN_UNGUARDED_AVAILABILITY = YES_AGGRESSIVE;
				CLANG_WARN_UNREACHABLE_CODE = YES;
				CLANG_WARN__DUPLICATE_METHOD_MATCH = YES;
				COPY_PHASE_STRIP = NO;
				DEBUG_INFORMATION_FORMAT = "dwarf-with-dsym";
				ENABLE_NS_ASSERTIONS = NO;
				ENABLE_STRICT_OBJC_MSGSEND = YES;
				GCC_C_LANGUAGE_STANDARD = gnu11;
				GCC_NO_COMMON_BLOCKS = YES;
				GCC_WARN_64_TO_32_BIT_CONVERSION = YES;
				GCC_WARN_ABOUT_RETURN_TYPE = YES_ERROR;
				GCC_WARN_UNDECLARED_SELECTOR = YES;
				GCC_WARN_UNINITIALIZED_AUTOS = YES_AGGRESSIVE;
				GCC_WARN_UNUSED_FUNCTION = YES;
				GCC_WARN_UNUSED_VARIABLE = YES;
				IPHONEOS_DEPLOYMENT_TARGET = 14.0;
				MTL_ENABLE_DEBUG_INFO = NO;
				MTL_FAST_MATH = YES;
				SDKROOT = iphoneos;
				SWIFT_COMPILATION_MODE = wholemodule;
				SWIFT_OPTIMIZATION_LEVEL = "-O";
				VALIDATE_PRODUCT = YES;
			};
			name = Release;
		};
		F681C7982763EA690067898F /* Debug */ = {
			isa = XCBuildConfiguration;
			buildSettings = {
				ASSETCATALOG_COMPILER_APPICON_NAME = AppIcon;
				ASSETCATALOG_COMPILER_GLOBAL_ACCENT_COLOR_NAME = AccentColor;
				CODE_SIGN_STYLE = Automatic;
				DEVELOPMENT_ASSET_PATHS = "\"DaniellyCard/Preview Content\"";
				ENABLE_PREVIEWS = YES;
				INFOPLIST_FILE = DaniellyCard/Info.plist;
				LD_RUNPATH_SEARCH_PATHS = (
					"$(inherited)",
					"@executable_path/Frameworks",
				);
				PRODUCT_BUNDLE_IDENTIFIER = com.danielly.machado.DaniellyCard;
				PRODUCT_NAME = "$(TARGET_NAME)";
				SWIFT_VERSION = 5.0;
				TARGETED_DEVICE_FAMILY = "1,2";
			};
			name = Debug;
		};
		F681C7992763EA690067898F /* Release */ = {
			isa = XCBuildConfiguration;
			buildSettings = {
				ASSETCATALOG_COMPILER_APPICON_NAME = AppIcon;
				ASSETCATALOG_COMPILER_GLOBAL_ACCENT_COLOR_NAME = AccentColor;
				CODE_SIGN_STYLE = Automatic;
				DEVELOPMENT_ASSET_PATHS = "\"DaniellyCard/Preview Content\"";
				ENABLE_PREVIEWS = YES;
				INFOPLIST_FILE = DaniellyCard/Info.plist;
				LD_RUNPATH_SEARCH_PATHS = (
					"$(inherited)",
					"@executable_path/Frameworks",
				);
				PRODUCT_BUNDLE_IDENTIFIER = com.danielly.machado.DaniellyCard;
				PRODUCT_NAME = "$(TARGET_NAME)";
				SWIFT_VERSION = 5.0;
				TARGETED_DEVICE_FAMILY = "1,2";
			};
			name = Release;
		};
/* End XCBuildConfiguration section */

/* Begin XCConfigurationList section */
		F681C77E2763EA680067898F /* Build configuration list for PBXProject "DaniellyCard" */ = {
			isa = XCConfigurationList;
			buildConfigurations = (
				F681C7952763EA690067898F /* Debug */,
				F681C7962763EA690067898F /* Release */,
			);
			defaultConfigurationIsVisible = 0;
			defaultConfigurationName = Release;
		};
		F681C7972763EA690067898F /* Build configuration list for PBXNativeTarget "DaniellyCard" */ = {
			isa = XCConfigurationList;
			buildConfigurations = (
				F681C7982763EA690067898F /* Debug */,
				F681C7992763EA690067898F /* Release */,
			);
			defaultConfigurationIsVisible = 0;
			defaultConfigurationName = Release;
		};
/* End XCConfigurationList section */
	};
	rootObject = F681C77B2763EA680067898F /* Project object */;
}
